// !$*UTF8*$!
{
	archiveVersion = 1;
	classes = {
	};
	objectVersion = 56;
	objects = {

/* Begin PBXBuildFile section */
		6450C4402C18262E004DEEA9 /* AppDelegate.swift in Sources */ = {isa = PBXBuildFile; fileRef = 6450C43F2C18262E004DEEA9 /* AppDelegate.swift */; };
		6450C4422C18262E004DEEA9 /* SceneDelegate.swift in Sources */ = {isa = PBXBuildFile; fileRef = 6450C4412C18262E004DEEA9 /* SceneDelegate.swift */; };
		6450C4472C18262E004DEEA9 /* Base in Resources */ = {isa = PBXBuildFile; fileRef = 6450C4462C18262E004DEEA9 /* Base */; };
		6450C4492C182630004DEEA9 /* Assets.xcassets in Resources */ = {isa = PBXBuildFile; fileRef = 6450C4482C182630004DEEA9 /* Assets.xcassets */; };
		6450C44C2C182630004DEEA9 /* Base in Resources */ = {isa = PBXBuildFile; fileRef = 6450C44B2C182630004DEEA9 /* Base */; };
		6450C47C2C204E50004DEEA9 /* Node.swift in Sources */ = {isa = PBXBuildFile; fileRef = 6450C47B2C204E50004DEEA9 /* Node.swift */; };
		6450C47E2C204E6F004DEEA9 /* MapView.swift in Sources */ = {isa = PBXBuildFile; fileRef = 6450C47D2C204E6F004DEEA9 /* MapView.swift */; };
		6450C4802C204E89004DEEA9 /* ViewController.swift in Sources */ = {isa = PBXBuildFile; fileRef = 6450C47F2C204E89004DEEA9 /* ViewController.swift */; };
		6450C4832C204EF5004DEEA9 /* LocationService.swift in Sources */ = {isa = PBXBuildFile; fileRef = 6450C4822C204EF5004DEEA9 /* LocationService.swift */; };
		6450C4852C204F0F004DEEA9 /* LocationServiceDelegate.swift in Sources */ = {isa = PBXBuildFile; fileRef = 6450C4842C204F0F004DEEA9 /* LocationServiceDelegate.swift */; };
		6450C4872C204F5E004DEEA9 /* MessagePresenting.swift in Sources */ = {isa = PBXBuildFile; fileRef = 6450C4862C204F5E004DEEA9 /* MessagePresenting.swift */; };
/* End PBXBuildFile section */

/* Begin PBXFileReference section */
		6450C43C2C18262E004DEEA9 /* SLAM_app.app */ = {isa = PBXFileReference; explicitFileType = wrapper.application; includeInIndex = 0; path = SLAM_app.app; sourceTree = BUILT_PRODUCTS_DIR; };
		6450C43F2C18262E004DEEA9 /* AppDelegate.swift */ = {isa = PBXFileReference; lastKnownFileType = sourcecode.swift; path = AppDelegate.swift; sourceTree = "<group>"; };
		6450C4412C18262E004DEEA9 /* SceneDelegate.swift */ = {isa = PBXFileReference; lastKnownFileType = sourcecode.swift; path = SceneDelegate.swift; sourceTree = "<group>"; };
		6450C4462C18262E004DEEA9 /* Base */ = {isa = PBXFileReference; lastKnownFileType = file.storyboard; name = Base; path = Base.lproj/Main.storyboard; sourceTree = "<group>"; };
		6450C4482C182630004DEEA9 /* Assets.xcassets */ = {isa = PBXFileReference; lastKnownFileType = folder.assetcatalog; path = Assets.xcassets; sourceTree = "<group>"; };
		6450C44B2C182630004DEEA9 /* Base */ = {isa = PBXFileReference; lastKnownFileType = file.storyboard; name = Base; path = Base.lproj/LaunchScreen.storyboard; sourceTree = "<group>"; };
		6450C44D2C182630004DEEA9 /* Info.plist */ = {isa = PBXFileReference; lastKnownFileType = text.plist.xml; path = Info.plist; sourceTree = "<group>"; };
		6450C47B2C204E50004DEEA9 /* Node.swift */ = {isa = PBXFileReference; lastKnownFileType = sourcecode.swift; path = Node.swift; sourceTree = "<group>"; };
		6450C47D2C204E6F004DEEA9 /* MapView.swift */ = {isa = PBXFileReference; lastKnownFileType = sourcecode.swift; path = MapView.swift; sourceTree = "<group>"; };
		6450C47F2C204E89004DEEA9 /* ViewController.swift */ = {isa = PBXFileReference; lastKnownFileType = sourcecode.swift; path = ViewController.swift; sourceTree = "<group>"; };
		6450C4822C204EF5004DEEA9 /* LocationService.swift */ = {isa = PBXFileReference; lastKnownFileType = sourcecode.swift; path = LocationService.swift; sourceTree = "<group>"; };
		6450C4842C204F0F004DEEA9 /* LocationServiceDelegate.swift */ = {isa = PBXFileReference; lastKnownFileType = sourcecode.swift; path = LocationServiceDelegate.swift; sourceTree = "<group>"; };
		6450C4862C204F5E004DEEA9 /* MessagePresenting.swift */ = {isa = PBXFileReference; lastKnownFileType = sourcecode.swift; path = MessagePresenting.swift; sourceTree = "<group>"; };
/* End PBXFileReference section */

/* Begin PBXFrameworksBuildPhase section */
		6450C4392C18262E004DEEA9 /* Frameworks */ = {
			isa = PBXFrameworksBuildPhase;
			buildActionMask = 2147483647;
			files = (
			);
			runOnlyForDeploymentPostprocessing = 0;
		};
/* End PBXFrameworksBuildPhase section */

/* Begin PBXGroup section */
		6450C4332C18262E004DEEA9 = {
			isa = PBXGroup;
			children = (
				6450C43E2C18262E004DEEA9 /* SLAM_app */,
				6450C43D2C18262E004DEEA9 /* Products */,
			);
			sourceTree = "<group>";
		};
		6450C43D2C18262E004DEEA9 /* Products */ = {
			isa = PBXGroup;
			children = (
				6450C43C2C18262E004DEEA9 /* SLAM_app.app */,
			);
			name = Products;
			sourceTree = "<group>";
		};
		6450C43E2C18262E004DEEA9 /* SLAM_app */ = {
			isa = PBXGroup;
			children = (
				6450C43F2C18262E004DEEA9 /* AppDelegate.swift */,
				6450C4412C18262E004DEEA9 /* SceneDelegate.swift */,
				6450C4862C204F5E004DEEA9 /* MessagePresenting.swift */,
				6450C4812C204EDE004DEEA9 /* ViewModel */,
				6450C47F2C204E89004DEEA9 /* ViewController.swift */,
				6450C47B2C204E50004DEEA9 /* Node.swift */,
				6450C47D2C204E6F004DEEA9 /* MapView.swift */,
				6450C4452C18262E004DEEA9 /* Main.storyboard */,
				6450C4482C182630004DEEA9 /* Assets.xcassets */,
				6450C44A2C182630004DEEA9 /* LaunchScreen.storyboard */,
				6450C44D2C182630004DEEA9 /* Info.plist */,
			);
			path = SLAM_app;
			sourceTree = "<group>";
		};
		6450C4812C204EDE004DEEA9 /* ViewModel */ = {
			isa = PBXGroup;
			children = (
				6450C4822C204EF5004DEEA9 /* LocationService.swift */,
				6450C4842C204F0F004DEEA9 /* LocationServiceDelegate.swift */,
			);
			path = ViewModel;
			sourceTree = "<group>";
		};
/* End PBXGroup section */

/* Begin PBXNativeTarget section */
		6450C43B2C18262E004DEEA9 /* SLAM_app */ = {
			isa = PBXNativeTarget;
			buildConfigurationList = 6450C4502C182630004DEEA9 /* Build configuration list for PBXNativeTarget "SLAM_app" */;
			buildPhases = (
				6450C4382C18262E004DEEA9 /* Sources */,
				6450C4392C18262E004DEEA9 /* Frameworks */,
				6450C43A2C18262E004DEEA9 /* Resources */,
			);
			buildRules = (
			);
			dependencies = (
			);
			name = SLAM_app;
			packageProductDependencies = (
			);
			productName = SLAM_app;
			productReference = 6450C43C2C18262E004DEEA9 /* SLAM_app.app */;
			productType = "com.apple.product-type.application";
		};
/* End PBXNativeTarget section */

/* Begin PBXProject section */
		6450C4342C18262E004DEEA9 /* Project object */ = {
			isa = PBXProject;
			attributes = {
				BuildIndependentTargetsInParallel = 1;
				LastSwiftUpdateCheck = 1540;
				LastUpgradeCheck = 1540;
				TargetAttributes = {
					6450C43B2C18262E004DEEA9 = {
						CreatedOnToolsVersion = 15.4;
					};
				};
			};
			buildConfigurationList = 6450C4372C18262E004DEEA9 /* Build configuration list for PBXProject "SLAM_app" */;
			compatibilityVersion = "Xcode 14.0";
			developmentRegion = en;
			hasScannedForEncodings = 0;
			knownRegions = (
				en,
				Base,
			);
			mainGroup = 6450C4332C18262E004DEEA9;
			packageReferences = (
			);
			productRefGroup = 6450C43D2C18262E004DEEA9 /* Products */;
			projectDirPath = "";
			projectRoot = "";
			targets = (
				6450C43B2C18262E004DEEA9 /* SLAM_app */,
			);
		};
/* End PBXProject section */

/* Begin PBXResourcesBuildPhase section */
		6450C43A2C18262E004DEEA9 /* Resources */ = {
			isa = PBXResourcesBuildPhase;
			buildActionMask = 2147483647;
			files = (
				6450C4492C182630004DEEA9 /* Assets.xcassets in Resources */,
				6450C44C2C182630004DEEA9 /* Base in Resources */,
				6450C4472C18262E004DEEA9 /* Base in Resources */,
			);
			runOnlyForDeploymentPostprocessing = 0;
		};
/* End PBXResourcesBuildPhase section */

/* Begin PBXSourcesBuildPhase section */
		6450C4382C18262E004DEEA9 /* Sources */ = {
			isa = PBXSourcesBuildPhase;
			buildActionMask = 2147483647;
			files = (
				6450C4852C204F0F004DEEA9 /* LocationServiceDelegate.swift in Sources */,
				6450C4802C204E89004DEEA9 /* ViewController.swift in Sources */,
				6450C47C2C204E50004DEEA9 /* Node.swift in Sources */,
				6450C47E2C204E6F004DEEA9 /* MapView.swift in Sources */,
				6450C4402C18262E004DEEA9 /* AppDelegate.swift in Sources */,
				6450C4832C204EF5004DEEA9 /* LocationService.swift in Sources */,
				6450C4872C204F5E004DEEA9 /* MessagePresenting.swift in Sources */,
				6450C4422C18262E004DEEA9 /* SceneDelegate.swift in Sources */,
			);
			runOnlyForDeploymentPostprocessing = 0;
		};
/* End PBXSourcesBuildPhase section */

/* Begin PBXVariantGroup section */
		6450C4452C18262E004DEEA9 /* Main.storyboard */ = {
			isa = PBXVariantGroup;
			children = (
				6450C4462C18262E004DEEA9 /* Base */,
			);
			name = Main.storyboard;
			sourceTree = "<group>";
		};
		6450C44A2C182630004DEEA9 /* LaunchScreen.storyboard */ = {
			isa = PBXVariantGroup;
			children = (
				6450C44B2C182630004DEEA9 /* Base */,
			);
			name = LaunchScreen.storyboard;
			sourceTree = "<group>";
		};
/* End PBXVariantGroup section */

/* Begin XCBuildConfiguration section */
		6450C44E2C182630004DEEA9 /* Debug */ = {
			isa = XCBuildConfiguration;
			buildSettings = {
				ALWAYS_SEARCH_USER_PATHS = NO;
				ASSETCATALOG_COMPILER_GENERATE_SWIFT_ASSET_SYMBOL_EXTENSIONS = YES;
				CLANG_ANALYZER_NONNULL = YES;
				CLANG_ANALYZER_NUMBER_OBJECT_CONVERSION = YES_AGGRESSIVE;
				CLANG_CXX_LANGUAGE_STANDARD = "gnu++20";
				CLANG_ENABLE_MODULES = YES;
				CLANG_ENABLE_OBJC_ARC = YES;
				CLANG_ENABLE_OBJC_WEAK = YES;
				CLANG_WARN_BLOCK_CAPTURE_AUTORELEASING = YES;
				CLANG_WARN_BOOL_CONVERSION = YES;
				CLANG_WARN_COMMA = YES;
				CLANG_WARN_CONSTANT_CONVERSION = YES;
				CLANG_WARN_DEPRECATED_OBJC_IMPLEMENTATIONS = YES;
				CLANG_WARN_DIRECT_OBJC_ISA_USAGE = YES_ERROR;
				CLANG_WARN_DOCUMENTATION_COMMENTS = YES;
				CLANG_WARN_EMPTY_BODY = YES;
				CLANG_WARN_ENUM_CONVERSION = YES;
				CLANG_WARN_INFINITE_RECURSION = YES;
				CLANG_WARN_INT_CONVERSION = YES;
				CLANG_WARN_NON_LITERAL_NULL_CONVERSION = YES;
				CLANG_WARN_OBJC_IMPLICIT_RETAIN_SELF = YES;
				CLANG_WARN_OBJC_LITERAL_CONVERSION = YES;
				CLANG_WARN_OBJC_ROOT_CLASS = YES_ERROR;
				CLANG_WARN_QUOTED_INCLUDE_IN_FRAMEWORK_HEADER = YES;
				CLANG_WARN_RANGE_LOOP_ANALYSIS = YES;
				CLANG_WARN_STRICT_PROTOTYPES = YES;
				CLANG_WARN_SUSPICIOUS_MOVE = YES;
				CLANG_WARN_UNGUARDED_AVAILABILITY = YES_AGGRESSIVE;
				CLANG_WARN_UNREACHABLE_CODE = YES;
				CLANG_WARN__DUPLICATE_METHOD_MATCH = YES;
				COPY_PHASE_STRIP = NO;
				DEBUG_INFORMATION_FORMAT = dwarf;
				ENABLE_STRICT_OBJC_MSGSEND = YES;
				ENABLE_TESTABILITY = YES;
				ENABLE_USER_SCRIPT_SANDBOXING = YES;
				GCC_C_LANGUAGE_STANDARD = gnu17;
				GCC_DYNAMIC_NO_PIC = NO;
				GCC_NO_COMMON_BLOCKS = YES;
				GCC_OPTIMIZATION_LEVEL = 0;
				GCC_PREPROCESSOR_DEFINITIONS = (
					"DEBUG=1",
					"$(inherited)",
				);
				GCC_WARN_64_TO_32_BIT_CONVERSION = YES;
				GCC_WARN_ABOUT_RETURN_TYPE = YES_ERROR;
				GCC_WARN_UNDECLARED_SELECTOR = YES;
				GCC_WARN_UNINITIALIZED_AUTOS = YES_AGGRESSIVE;
				GCC_WARN_UNUSED_FUNCTION = YES;
				GCC_WARN_UNUSED_VARIABLE = YES;
				IPHONEOS_DEPLOYMENT_TARGET = 17.5;
				LOCALIZATION_PREFERS_STRING_CATALOGS = YES;
				MTL_ENABLE_DEBUG_INFO = INCLUDE_SOURCE;
				MTL_FAST_MATH = YES;
				ONLY_ACTIVE_ARCH = YES;
				SDKROOT = iphoneos;
				SWIFT_ACTIVE_COMPILATION_CONDITIONS = "DEBUG $(inherited)";
				SWIFT_OPTIMIZATION_LEVEL = "-Onone";
			};
			name = Debug;
		};
		6450C44F2C182630004DEEA9 /* Release */ = {
			isa = XCBuildConfiguration;
			buildSettings = {
				ALWAYS_SEARCH_USER_PATHS = NO;
				ASSETCATALOG_COMPILER_GENERATE_SWIFT_ASSET_SYMBOL_EXTENSIONS = YES;
				CLANG_ANALYZER_NONNULL = YES;
				CLANG_ANALYZER_NUMBER_OBJECT_CONVERSION = YES_AGGRESSIVE;
				CLANG_CXX_LANGUAGE_STANDARD = "gnu++20";
				CLANG_ENABLE_MODULES = YES;
				CLANG_ENABLE_OBJC_ARC = YES;
				CLANG_ENABLE_OBJC_WEAK = YES;
				CLANG_WARN_BLOCK_CAPTURE_AUTORELEASING = YES;
				CLANG_WARN_BOOL_CONVERSION = YES;
				CLANG_WARN_COMMA = YES;
				CLANG_WARN_CONSTANT_CONVERSION = YES;
				CLANG_WARN_DEPRECATED_OBJC_IMPLEMENTATIONS = YES;
				CLANG_WARN_DIRECT_OBJC_ISA_USAGE = YES_ERROR;
				CLANG_WARN_DOCUMENTATION_COMMENTS = YES;
				CLANG_WARN_EMPTY_BODY = YES;
				CLANG_WARN_ENUM_CONVERSION = YES;
				CLANG_WARN_INFINITE_RECURSION = YES;
				CLANG_WARN_INT_CONVERSION = YES;
				CLANG_WARN_NON_LITERAL_NULL_CONVERSION = YES;
				CLANG_WARN_OBJC_IMPLICIT_RETAIN_SELF = YES;
				CLANG_WARN_OBJC_LITERAL_CONVERSION = YES;
				CLANG_WARN_OBJC_ROOT_CLASS = YES_ERROR;
				CLANG_WARN_QUOTED_INCLUDE_IN_FRAMEWORK_HEADER = YES;
				CLANG_WARN_RANGE_LOOP_ANALYSIS = YES;
				CLANG_WARN_STRICT_PROTOTYPES = YES;
				CLANG_WARN_SUSPICIOUS_MOVE = YES;
				CLANG_WARN_UNGUARDED_AVAILABILITY = YES_AGGRESSIVE;
				CLANG_WARN_UNREACHABLE_CODE = YES;
				CLANG_WARN__DUPLICATE_METHOD_MATCH = YES;
				COPY_PHASE_STRIP = NO;
				DEBUG_INFORMATION_FORMAT = "dwarf-with-dsym";
				ENABLE_NS_ASSERTIONS = NO;
				ENABLE_STRICT_OBJC_MSGSEND = YES;
				ENABLE_USER_SCRIPT_SANDBOXING = YES;
				GCC_C_LANGUAGE_STANDARD = gnu17;
				GCC_NO_COMMON_BLOCKS = YES;
				GCC_WARN_64_TO_32_BIT_CONVERSION = YES;
				GCC_WARN_ABOUT_RETURN_TYPE = YES_ERROR;
				GCC_WARN_UNDECLARED_SELECTOR = YES;
				GCC_WARN_UNINITIALIZED_AUTOS = YES_AGGRESSIVE;
				GCC_WARN_UNUSED_FUNCTION = YES;
				GCC_WARN_UNUSED_VARIABLE = YES;
				IPHONEOS_DEPLOYMENT_TARGET = 17.5;
				LOCALIZATION_PREFERS_STRING_CATALOGS = YES;
				MTL_ENABLE_DEBUG_INFO = NO;
				MTL_FAST_MATH = YES;
				SDKROOT = iphoneos;
				SWIFT_COMPILATION_MODE = wholemodule;
				VALIDATE_PRODUCT = YES;
			};
			name = Release;
		};
		6450C4512C182630004DEEA9 /* Debug */ = {
			isa = XCBuildConfiguration;
			buildSettings = {
				ASSETCATALOG_COMPILER_APPICON_NAME = AppIcon;
				ASSETCATALOG_COMPILER_GLOBAL_ACCENT_COLOR_NAME = AccentColor;
				CODE_SIGN_STYLE = Automatic;
				CURRENT_PROJECT_VERSION = 1;
				DEVELOPMENT_TEAM = QC8NW9PFKL;
				GENERATE_INFOPLIST_FILE = YES;
				INFOPLIST_FILE = SLAM_app/Info.plist;
				INFOPLIST_KEY_NSCameraUsageDescription = "";
				INFOPLIST_KEY_NSLocationAlwaysAndWhenInUseUsageDescription = "";
				INFOPLIST_KEY_NSLocationAlwaysUsageDescription = "";
				INFOPLIST_KEY_NSLocationUsageDescription = "";
				INFOPLIST_KEY_NSLocationWhenInUseUsageDescription = "";
				INFOPLIST_KEY_UIApplicationSupportsIndirectInputEvents = YES;
				INFOPLIST_KEY_UILaunchStoryboardName = LaunchScreen;
				INFOPLIST_KEY_UIMainStoryboardFile = Main;
				INFOPLIST_KEY_UISupportedInterfaceOrientations_iPad = "UIInterfaceOrientationPortrait UIInterfaceOrientationPortraitUpsideDown UIInterfaceOrientationLandscapeLeft UIInterfaceOrientationLandscapeRight";
				INFOPLIST_KEY_UISupportedInterfaceOrientations_iPhone = "UIInterfaceOrientationPortrait UIInterfaceOrientationLandscapeLeft UIInterfaceOrientationLandscapeRight";
				LD_RUNPATH_SEARCH_PATHS = (
					"$(inherited)",
					"@executable_path/Frameworks",
				);
				MARKETING_VERSION = 1.0;
				PRODUCT_BUNDLE_IDENTIFIER = "app.hamano.kemari.SLAM-app";
				PRODUCT_NAME = "$(TARGET_NAME)";
				SWIFT_EMIT_LOC_STRINGS = YES;
				SWIFT_VERSION = 5.0;
				TARGETED_DEVICE_FAMILY = "1,2";
			};
			name = Debug;
		};
		6450C4522C182630004DEEA9 /* Release */ = {
			isa = XCBuildConfiguration;
			buildSettings = {
				ASSETCATALOG_COMPILER_APPICON_NAME = AppIcon;
				ASSETCATALOG_COMPILER_GLOBAL_ACCENT_COLOR_NAME = AccentColor;
				CODE_SIGN_STYLE = Automatic;
				CURRENT_PROJECT_VERSION = 1;
				DEVELOPMENT_TEAM = QC8NW9PFKL;
				GENERATE_INFOPLIST_FILE = YES;
				INFOPLIST_FILE = SLAM_app/Info.plist;
				INFOPLIST_KEY_NSCameraUsageDescription = "";
				INFOPLIST_KEY_NSLocationAlwaysAndWhenInUseUsageDescription = "";
				INFOPLIST_KEY_NSLocationAlwaysUsageDescription = "";
				INFOPLIST_KEY_NSLocationUsageDescription = "";
				INFOPLIST_KEY_NSLocationWhenInUseUsageDescription = "";
				INFOPLIST_KEY_UIApplicationSupportsIndirectInputEvents = YES;
				INFOPLIST_KEY_UILaunchStoryboardName = LaunchScreen;
				INFOPLIST_KEY_UIMainStoryboardFile = Main;
				INFOPLIST_KEY_UISupportedInterfaceOrientations_iPad = "UIInterfaceOrientationPortrait UIInterfaceOrientationPortraitUpsideDown UIInterfaceOrientationLandscapeLeft UIInterfaceOrientationLandscapeRight";
				INFOPLIST_KEY_UISupportedInterfaceOrientations_iPhone = "UIInterfaceOrientationPortrait UIInterfaceOrientationLandscapeLeft UIInterfaceOrientationLandscapeRight";
				LD_RUNPATH_SEARCH_PATHS = (
					"$(inherited)",
					"@executable_path/Frameworks",
				);
				MARKETING_VERSION = 1.0;
				PRODUCT_BUNDLE_IDENTIFIER = "app.hamano.kemari.SLAM-app";
				PRODUCT_NAME = "$(TARGET_NAME)";
				SWIFT_EMIT_LOC_STRINGS = YES;
				SWIFT_VERSION = 5.0;
				TARGETED_DEVICE_FAMILY = "1,2";
			};
			name = Release;
		};
/* End XCBuildConfiguration section */

/* Begin XCConfigurationList section */
		6450C4372C18262E004DEEA9 /* Build configuration list for PBXProject "SLAM_app" */ = {
			isa = XCConfigurationList;
			buildConfigurations = (
				6450C44E2C182630004DEEA9 /* Debug */,
				6450C44F2C182630004DEEA9 /* Release */,
			);
			defaultConfigurationIsVisible = 0;
			defaultConfigurationName = Release;
		};
		6450C4502C182630004DEEA9 /* Build configuration list for PBXNativeTarget "SLAM_app" */ = {
			isa = XCConfigurationList;
			buildConfigurations = (
				6450C4512C182630004DEEA9 /* Debug */,
				6450C4522C182630004DEEA9 /* Release */,
			);
			defaultConfigurationIsVisible = 0;
			defaultConfigurationName = Release;
		};
/* End XCConfigurationList section */
	};
	rootObject = 6450C4342C18262E004DEEA9 /* Project object */;
}
